<?xml version="1.0" encoding="utf-8"?>
<Project ToolsVersion="4.0" xmlns="http://schemas.microsoft.com/developer/msbuild/2003">
  <ItemGroup>
    <Filter Include="Source Files">
      <UniqueIdentifier>{4FC737F1-C7A5-4376-A066-2A32D752A2FF}</UniqueIdentifier>
      <Extensions>cpp;c;cc;cxx;def;odl;idl;hpj;bat;asm;asmx</Extensions>
    </Filter>
    <Filter Include="Resource Files">
      <UniqueIdentifier>{67DA6AB6-F800-4c08-8B7A-83BB121AAD01}</UniqueIdentifier>
      <Extensions>rc;ico;cur;bmp;dlg;rc2;rct;bin;rgs;gif;jpg;jpeg;jpe;resx;tiff;tif;png;wav;mfcribbon-ms</Extensions>
    </Filter>
    <Filter Include="Source Files\display">
      <UniqueIdentifier>{31749798-52ce-437d-8277-9cf5ddfd697e}</UniqueIdentifier>
    </Filter>
    <Filter Include="Source Files\maths">
      <UniqueIdentifier>{82b198c4-3ed8-4042-8df9-7fe5e43e32df}</UniqueIdentifier>
    </Filter>
  </ItemGroup>
  <ItemGroup>
    <ClCompile Include="Window.cpp">
      <Filter>Source Files\display</Filter>
    </ClCompile>
    <ClCompile Include="Shader.cpp">
      <Filter>Source Files\display</Filter>
    </ClCompile>
    <ClCompile Include="Mesh.cpp">
      <Filter>Source Files\display</Filter>
    </ClCompile>
    <ClCompile Include="Main.cpp">
      <Filter>Source Files</Filter>
    </ClCompile>
    <ClCompile Include="Draw.cpp">
      <Filter>Source Files\display</Filter>
    </ClCompile>
  </ItemGroup>
  <ItemGroup>
    <ClInclude Include="Window.h">
      <Filter>Source Files\display</Filter>
    </ClInclude>
    <ClInclude Include="Shader.h">
      <Filter>Source Files\display</Filter>
    </ClInclude>
    <ClInclude Include="Mesh.h">
      <Filter>Source Files\display</Filter>
    </ClInclude>
    <ClInclude Include="Camera.h">
      <Filter>Source Files\display</Filter>
    </ClInclude>
    <ClInclude Include="Transform.h">
      <Filter>Source Files\maths</Filter>
    </ClInclude>
    <ClInclude Include="Draw.h">
      <Filter>Source Files\display</Filter>
    </ClInclude>
  </ItemGroup>
  <ItemGroup>
    <None Include="res\basicShader.fs">
      <Filter>Resource Files</Filter>
    </None>
    <None Include="res\basicShader.vs">
      <Filter>Resource Files</Filter>
    </None>
  </ItemGroup>
</Project>