<?xml version="1.0" encoding="utf-8"?>
<Project ToolsVersion="4.0" xmlns="http://schemas.microsoft.com/developer/msbuild/2003">
  <ItemGroup>
    <Filter Include="Source Files">
      <UniqueIdentifier>{4FC737F1-C7A5-4376-A066-2A32D752A2FF}</UniqueIdentifier>
      <Extensions>cpp;c;cc;cxx;def;odl;idl;hpj;bat;asm;asmx</Extensions>
    </Filter>
    <Filter Include="Resource Files">
      <UniqueIdentifier>{67DA6AB6-F800-4c08-8B7A-83BB121AAD01}</UniqueIdentifier>
      <Extensions>rc;ico;cur;bmp;dlg;rc2;rct;bin;rgs;gif;jpg;jpeg;jpe;resx;tiff;tif;png;wav;mfcribbon-ms</Extensions>
    </Filter>
    <Filter Include="Source Files\Engine">
      <UniqueIdentifier>{4f611d66-5a3f-4d88-9f44-c39c3e8410bf}</UniqueIdentifier>
    </Filter>
    <Filter Include="Source Files\Engine\display">
      <UniqueIdentifier>{31749798-52ce-437d-8277-9cf5ddfd697e}</UniqueIdentifier>
    </Filter>
    <Filter Include="Source Files\Engine\maths">
      <UniqueIdentifier>{82b198c4-3ed8-4042-8df9-7fe5e43e32df}</UniqueIdentifier>
    </Filter>
    <Filter Include="Source Files\Entity">
      <UniqueIdentifier>{09b47f18-ecdc-4160-940f-1bcdac5e43c6}</UniqueIdentifier>
    </Filter>
    <Filter Include="Source Files\Engine\maths\vector">
      <UniqueIdentifier>{5e8087fb-7cc5-4ed5-b064-5d92426abdd0}</UniqueIdentifier>
    </Filter>
    <Filter Include="Source Files\Controllers">
      <UniqueIdentifier>{d7abb869-75d6-4dab-834f-6974c93d3f2e}</UniqueIdentifier>
    </Filter>
  </ItemGroup>
  <ItemGroup>
    <ClCompile Include="Window.cpp">
      <Filter>Source Files\Engine\display</Filter>
    </ClCompile>
    <ClCompile Include="Shader.cpp">
      <Filter>Source Files\Engine\display</Filter>
    </ClCompile>
    <ClCompile Include="Mesh.cpp">
      <Filter>Source Files\Engine\display</Filter>
    </ClCompile>
    <ClCompile Include="EntityAsteroid.cpp">
      <Filter>Source Files\Entity</Filter>
    </ClCompile>
    <ClCompile Include="EntityPlayer.cpp">
      <Filter>Source Files\Entity</Filter>
    </ClCompile>
    <ClCompile Include="vec2.cpp">
      <Filter>Source Files\Engine\maths\vector</Filter>
    </ClCompile>
    <ClCompile Include="vec3.cpp">
      <Filter>Source Files\Engine\maths\vector</Filter>
    </ClCompile>
    <ClCompile Include="vec4.cpp">
      <Filter>Source Files\Engine\maths\vector</Filter>
    </ClCompile>
    <ClCompile Include="EntityProjectile.cpp">
      <Filter>Source Files\Entity</Filter>
    </ClCompile>
    <ClCompile Include="AsteroidController.cpp">
      <Filter>Source Files\Controllers</Filter>
    </ClCompile>
    <ClCompile Include="Main.cpp">
      <Filter>Source Files</Filter>
    </ClCompile>
  </ItemGroup>
  <ItemGroup>
    <ClInclude Include="Window.h">
      <Filter>Source Files\Engine\display</Filter>
    </ClInclude>
    <ClInclude Include="Shader.h">
      <Filter>Source Files\Engine\display</Filter>
    </ClInclude>
    <ClInclude Include="Mesh.h">
      <Filter>Source Files\Engine\display</Filter>
    </ClInclude>
    <ClInclude Include="Camera.h">
      <Filter>Source Files\Engine\display</Filter>
    </ClInclude>
    <ClInclude Include="Transform.h">
      <Filter>Source Files\Engine\maths</Filter>
    </ClInclude>
    <ClInclude Include="Entity.h">
      <Filter>Source Files\Entity</Filter>
    </ClInclude>
    <ClInclude Include="EntityAsteroid.h">
      <Filter>Source Files\Entity</Filter>
    </ClInclude>
    <ClInclude Include="EntityPlayer.h">
      <Filter>Source Files\Entity</Filter>
    </ClInclude>
    <ClInclude Include="vec.h">
      <Filter>Source Files\Engine\maths\vector</Filter>
    </ClInclude>
    <ClInclude Include="vec2.h">
      <Filter>Source Files\Engine\maths\vector</Filter>
    </ClInclude>
    <ClInclude Include="vec3.h">
      <Filter>Source Files\Engine\maths\vector</Filter>
    </ClInclude>
    <ClInclude Include="vec4.h">
      <Filter>Source Files\Engine\maths\vector</Filter>
    </ClInclude>
    <ClInclude Include="EntityProjectile.h">
      <Filter>Source Files\Entity</Filter>
    </ClInclude>
    <ClInclude Include="AsteroidController.h">
      <Filter>Source Files\Controllers</Filter>
    </ClInclude>
  </ItemGroup>
  <ItemGroup>
    <None Include="res\basicShader.fs">
      <Filter>Resource Files</Filter>
    </None>
    <None Include="res\basicShader.vs">
      <Filter>Resource Files</Filter>
    </None>
  </ItemGroup>
</Project>